
Microsoft Visual Studio Solution File, Format Version 12.00
# Visual Studio Version 17
VisualStudioVersion = 17.0.31903.59
MinimumVisualStudioVersion = 10.0.40219.1
Project("{FAE04EC0-301F-11D3-BF4B-00C04F79EFBC}") = "SchemaScraper", "src\SchemaScraper.csproj", "{FFAD9E37-AD61-4B66-92B7-EAB95623EAD6}"
EndProject
Project("{FAE04EC0-301F-11D3-BF4B-00C04F79EFBC}") = "SchemaScraperTest", "test\SchemaScraperTest.csproj", "{186DCB25-F419-42C2-A173-4CD362354A36}"
EndProject
Global
	GlobalSection(SolutionConfigurationPlatforms) = preSolution
		Debug|Any CPU = Debug|Any CPU
		Release|Any CPU = Release|Any CPU
	EndGlobalSection
	GlobalSection(SolutionProperties) = preSolution
		HideSolutionNode = FALSE
	EndGlobalSection
	GlobalSection(ProjectConfigurationPlatforms) = postSolution
		{FFAD9E37-AD61-4B66-92B7-EAB95623EAD6}.Debug|Any CPU.ActiveCfg = Debug|Any CPU
		{FFAD9E37-AD61-4B66-92B7-EAB95623EAD6}.Debug|Any CPU.Build.0 = Debug|Any CPU
		{FFAD9E37-AD61-4B66-92B7-EAB95623EAD6}.Release|Any CPU.ActiveCfg = Release|Any CPU
		{FFAD9E37-AD61-4B66-92B7-EAB95623EAD6}.Release|Any CPU.Build.0 = Release|Any CPU
		{186DCB25-F419-42C2-A173-4CD362354A36}.Debug|Any CPU.ActiveCfg = Debug|Any CPU
		{186DCB25-F419-42C2-A173-4CD362354A36}.Debug|Any CPU.Build.0 = Debug|Any CPU
		{186DCB25-F419-42C2-A173-4CD362354A36}.Release|Any CPU.ActiveCfg = Release|Any CPU
		{186DCB25-F419-42C2-A173-4CD362354A36}.Release|Any CPU.Build.0 = Release|Any CPU
	EndGlobalSection
EndGlobal
